
Microsoft Visual Studio Solution File, Format Version 12.00
# Visual Studio Version 16
VisualStudioVersion = 16.0.31424.327
MinimumVisualStudioVersion = 10.0.40219.1
Project("{FAE04EC0-301F-11D3-BF4B-00C04F79EFBC}") = "Project1", "Project1\Project1.csproj", "{157B534C-6CBF-4432-8E31-00648AF2DD82}"
EndProject
Project("{2150E333-8FDC-42A3-9474-1A3956D46DE8}") = "1-web", "1-web", "{9AB3FEBF-4D13-471A-9EBE-928675F77235}"
EndProject
Project("{2150E333-8FDC-42A3-9474-1A3956D46DE8}") = "3-Domain", "3-Domain", "{8268C8FB-6301-409A-8EA5-8C4CE0DDA8A3}"
EndProject
Project("{FAE04EC0-301F-11D3-BF4B-00C04F79EFBC}") = "Template.Domain", "Domain\Template.Domain\Template.Domain.csproj", "{2B360751-373C-47B1-934C-4D1329F9A8A0}"
EndProject
Project("{2150E333-8FDC-42A3-9474-1A3956D46DE8}") = "2-Application", "2-Application", "{7450E41C-5FF8-4981-A7E6-4FF49BA619BF}"
EndProject
Project("{FAE04EC0-301F-11D3-BF4B-00C04F79EFBC}") = "Template.Application", "2-Application\Template.Application\Template.Application.csproj", "{BF457B42-E4F8-4664-B55E-C776407DE03A}"
EndProject
Project("{2150E333-8FDC-42A3-9474-1A3956D46DE8}") = "4-Infra", "4-Infra", "{DC0C0187-AB7E-48E1-AD8B-313FD5CBAE64}"
EndProject
Project("{2150E333-8FDC-42A3-9474-1A3956D46DE8}") = "4.1-Data", "4.1-Data", "{865AD0F3-07D4-4E1C-A850-B5FF20D3BDF0}"
EndProject
Project("{2150E333-8FDC-42A3-9474-1A3956D46DE8}") = "CrossCutting", "CrossCutting", "{9BA9D567-6295-4C99-8B2E-3408CC816923}"
EndProject
Project("{FAE04EC0-301F-11D3-BF4B-00C04F79EFBC}") = "Template.Data", "4-Infra\4.1-Data\Template.Data\Template.Data.csproj", "{A908840C-5853-4BB1-8167-B9C83A5D7E78}"
EndProject
Global
	GlobalSection(SolutionConfigurationPlatforms) = preSolution
		Debug|Any CPU = Debug|Any CPU
		Release|Any CPU = Release|Any CPU
	EndGlobalSection
	GlobalSection(ProjectConfigurationPlatforms) = postSolution
		{157B534C-6CBF-4432-8E31-00648AF2DD82}.Debug|Any CPU.ActiveCfg = Debug|Any CPU
		{157B534C-6CBF-4432-8E31-00648AF2DD82}.Debug|Any CPU.Build.0 = Debug|Any CPU
		{157B534C-6CBF-4432-8E31-00648AF2DD82}.Release|Any CPU.ActiveCfg = Release|Any CPU
		{157B534C-6CBF-4432-8E31-00648AF2DD82}.Release|Any CPU.Build.0 = Release|Any CPU
		{2B360751-373C-47B1-934C-4D1329F9A8A0}.Debug|Any CPU.ActiveCfg = Debug|Any CPU
		{2B360751-373C-47B1-934C-4D1329F9A8A0}.Debug|Any CPU.Build.0 = Debug|Any CPU
		{2B360751-373C-47B1-934C-4D1329F9A8A0}.Release|Any CPU.ActiveCfg = Release|Any CPU
		{2B360751-373C-47B1-934C-4D1329F9A8A0}.Release|Any CPU.Build.0 = Release|Any CPU
		{BF457B42-E4F8-4664-B55E-C776407DE03A}.Debug|Any CPU.ActiveCfg = Debug|Any CPU
		{BF457B42-E4F8-4664-B55E-C776407DE03A}.Debug|Any CPU.Build.0 = Debug|Any CPU
		{BF457B42-E4F8-4664-B55E-C776407DE03A}.Release|Any CPU.ActiveCfg = Release|Any CPU
		{BF457B42-E4F8-4664-B55E-C776407DE03A}.Release|Any CPU.Build.0 = Release|Any CPU
		{A908840C-5853-4BB1-8167-B9C83A5D7E78}.Debug|Any CPU.ActiveCfg = Debug|Any CPU
		{A908840C-5853-4BB1-8167-B9C83A5D7E78}.Debug|Any CPU.Build.0 = Debug|Any CPU
		{A908840C-5853-4BB1-8167-B9C83A5D7E78}.Release|Any CPU.ActiveCfg = Release|Any CPU
		{A908840C-5853-4BB1-8167-B9C83A5D7E78}.Release|Any CPU.Build.0 = Release|Any CPU
	EndGlobalSection
	GlobalSection(SolutionProperties) = preSolution
		HideSolutionNode = FALSE
	EndGlobalSection
	GlobalSection(NestedProjects) = preSolution
		{157B534C-6CBF-4432-8E31-00648AF2DD82} = {9AB3FEBF-4D13-471A-9EBE-928675F77235}
		{2B360751-373C-47B1-934C-4D1329F9A8A0} = {8268C8FB-6301-409A-8EA5-8C4CE0DDA8A3}
		{BF457B42-E4F8-4664-B55E-C776407DE03A} = {7450E41C-5FF8-4981-A7E6-4FF49BA619BF}
		{865AD0F3-07D4-4E1C-A850-B5FF20D3BDF0} = {DC0C0187-AB7E-48E1-AD8B-313FD5CBAE64}
		{9BA9D567-6295-4C99-8B2E-3408CC816923} = {DC0C0187-AB7E-48E1-AD8B-313FD5CBAE64}
		{A908840C-5853-4BB1-8167-B9C83A5D7E78} = {865AD0F3-07D4-4E1C-A850-B5FF20D3BDF0}
	EndGlobalSection
	GlobalSection(ExtensibilityGlobals) = postSolution
		SolutionGuid = {CBEAC47F-9D09-42E0-8939-FB59E820B9EF}
	EndGlobalSection
EndGlobal
